
Microsoft Visual Studio Solution File, Format Version 12.00
# Visual Studio Version 17
VisualStudioVersion = 17.13.35806.99
MinimumVisualStudioVersion = 10.0.40219.1
Project("{FAE04EC0-301F-11D3-BF4B-00C04F79EFBC}") = "API", "API\API.csproj", "{D69AEDE4-200F-4BAA-907B-495E7543EF9A}"
EndProject
Project("{2150E333-8FDC-42A3-9474-1A3956D46DE8}") = "src", "src", "{02EA681E-C7D8-13C7-8484-4AC65E1B71E8}"
EndProject
Project("{2150E333-8FDC-42A3-9474-1A3956D46DE8}") = "test", "test", "{4D987DD0-4416-445F-91B6-68B046860BC8}"
EndProject
Project("{FAE04EC0-301F-11D3-BF4B-00C04F79EFBC}") = "Application", "Application\Application.csproj", "{95CA6EDB-B34B-4867-8EB8-9063DEE823EC}"
EndProject
Project("{FAE04EC0-301F-11D3-BF4B-00C04F79EFBC}") = "Domain", "Domain\Domain.csproj", "{962CFBEC-EB78-45A3-AF42-815F0A8F96A1}"
EndProject
Project("{FAE04EC0-301F-11D3-BF4B-00C04F79EFBC}") = "Infrastructure", "Infrastructure\Infrastructure.csproj", "{6F9094B3-AEEE-4DEE-B61F-4D11D5DE2BAA}"
EndProject
Project("{E53339B2-1760-4266-BCC7-CA923CBCF16C}") = "docker-compose", "docker-compose.dcproj", "{81DDED9D-158B-E303-5F62-77A2896D2A5A}"
EndProject
Global
	GlobalSection(SolutionConfigurationPlatforms) = preSolution
		Debug|Any CPU = Debug|Any CPU
		Release|Any CPU = Release|Any CPU
	EndGlobalSection
	GlobalSection(ProjectConfigurationPlatforms) = postSolution
		{D69AEDE4-200F-4BAA-907B-495E7543EF9A}.Debug|Any CPU.ActiveCfg = Debug|Any CPU
		{D69AEDE4-200F-4BAA-907B-495E7543EF9A}.Debug|Any CPU.Build.0 = Debug|Any CPU
		{D69AEDE4-200F-4BAA-907B-495E7543EF9A}.Release|Any CPU.ActiveCfg = Release|Any CPU
		{D69AEDE4-200F-4BAA-907B-495E7543EF9A}.Release|Any CPU.Build.0 = Release|Any CPU
		{95CA6EDB-B34B-4867-8EB8-9063DEE823EC}.Debug|Any CPU.ActiveCfg = Debug|Any CPU
		{95CA6EDB-B34B-4867-8EB8-9063DEE823EC}.Debug|Any CPU.Build.0 = Debug|Any CPU
		{95CA6EDB-B34B-4867-8EB8-9063DEE823EC}.Release|Any CPU.ActiveCfg = Release|Any CPU
		{95CA6EDB-B34B-4867-8EB8-9063DEE823EC}.Release|Any CPU.Build.0 = Release|Any CPU
		{962CFBEC-EB78-45A3-AF42-815F0A8F96A1}.Debug|Any CPU.ActiveCfg = Debug|Any CPU
		{962CFBEC-EB78-45A3-AF42-815F0A8F96A1}.Debug|Any CPU.Build.0 = Debug|Any CPU
		{962CFBEC-EB78-45A3-AF42-815F0A8F96A1}.Release|Any CPU.ActiveCfg = Release|Any CPU
		{962CFBEC-EB78-45A3-AF42-815F0A8F96A1}.Release|Any CPU.Build.0 = Release|Any CPU
		{6F9094B3-AEEE-4DEE-B61F-4D11D5DE2BAA}.Debug|Any CPU.ActiveCfg = Debug|Any CPU
		{6F9094B3-AEEE-4DEE-B61F-4D11D5DE2BAA}.Debug|Any CPU.Build.0 = Debug|Any CPU
		{6F9094B3-AEEE-4DEE-B61F-4D11D5DE2BAA}.Release|Any CPU.ActiveCfg = Release|Any CPU
		{6F9094B3-AEEE-4DEE-B61F-4D11D5DE2BAA}.Release|Any CPU.Build.0 = Release|Any CPU
		{81DDED9D-158B-E303-5F62-77A2896D2A5A}.Debug|Any CPU.ActiveCfg = Debug|Any CPU
		{81DDED9D-158B-E303-5F62-77A2896D2A5A}.Debug|Any CPU.Build.0 = Debug|Any CPU
		{81DDED9D-158B-E303-5F62-77A2896D2A5A}.Release|Any CPU.ActiveCfg = Release|Any CPU
		{81DDED9D-158B-E303-5F62-77A2896D2A5A}.Release|Any CPU.Build.0 = Release|Any CPU
	EndGlobalSection
	GlobalSection(SolutionProperties) = preSolution
		HideSolutionNode = FALSE
	EndGlobalSection
	GlobalSection(NestedProjects) = preSolution
		{D69AEDE4-200F-4BAA-907B-495E7543EF9A} = {02EA681E-C7D8-13C7-8484-4AC65E1B71E8}
		{95CA6EDB-B34B-4867-8EB8-9063DEE823EC} = {02EA681E-C7D8-13C7-8484-4AC65E1B71E8}
		{962CFBEC-EB78-45A3-AF42-815F0A8F96A1} = {02EA681E-C7D8-13C7-8484-4AC65E1B71E8}
		{6F9094B3-AEEE-4DEE-B61F-4D11D5DE2BAA} = {02EA681E-C7D8-13C7-8484-4AC65E1B71E8}
	EndGlobalSection
	GlobalSection(ExtensibilityGlobals) = postSolution
		SolutionGuid = {1A0D89AB-9C79-4617-9F9A-E28DF28C8ED5}
	EndGlobalSection
EndGlobal
